
Microsoft Visual Studio Solution File, Format Version 12.00
# Visual Studio Version 17
VisualStudioVersion = 17.3.32901.215
MinimumVisualStudioVersion = 10.0.40219.1
Project("{FAE04EC0-301F-11D3-BF4B-00C04F79EFBC}") = "WpfTabs", "WpfTabs\WpfTabs.csproj", "{FBA84D1F-33D3-4987-ABD9-2C58EA4A46DE}"
EndProject
Global
	GlobalSection(SolutionConfigurationPlatforms) = preSolution
		Debug|Any CPU = Debug|Any CPU
		Release|Any CPU = Release|Any CPU
	EndGlobalSection
	GlobalSection(ProjectConfigurationPlatforms) = postSolution
		{FBA84D1F-33D3-4987-ABD9-2C58EA4A46DE}.Debug|Any CPU.ActiveCfg = Debug|Any CPU
		{FBA84D1F-33D3-4987-ABD9-2C58EA4A46DE}.Debug|Any CPU.Build.0 = Debug|Any CPU
		{FBA84D1F-33D3-4987-ABD9-2C58EA4A46DE}.Release|Any CPU.ActiveCfg = Release|Any CPU
		{FBA84D1F-33D3-4987-ABD9-2C58EA4A46DE}.Release|Any CPU.Build.0 = Release|Any CPU
	EndGlobalSection
	GlobalSection(SolutionProperties) = preSolution
		HideSolutionNode = FALSE
	EndGlobalSection
	GlobalSection(ExtensibilityGlobals) = postSolution
		SolutionGuid = {65A284C9-9622-40BF-B09B-CAA2764C9343}
	EndGlobalSection
EndGlobal
