
Microsoft Visual Studio Solution File, Format Version 12.00
# Visual Studio Version 17
VisualStudioVersion = 17.3.32901.215
MinimumVisualStudioVersion = 10.0.40219.1
Project("{FAE04EC0-301F-11D3-BF4B-00C04F79EFBC}") = "WpfButtom", "WpfButtom\WpfButtom.csproj", "{1EBC787E-18F6-48A0-AA07-44E9C0EF153C}"
EndProject
Global
	GlobalSection(SolutionConfigurationPlatforms) = preSolution
		Debug|Any CPU = Debug|Any CPU
		Release|Any CPU = Release|Any CPU
	EndGlobalSection
	GlobalSection(ProjectConfigurationPlatforms) = postSolution
		{1EBC787E-18F6-48A0-AA07-44E9C0EF153C}.Debug|Any CPU.ActiveCfg = Debug|Any CPU
		{1EBC787E-18F6-48A0-AA07-44E9C0EF153C}.Debug|Any CPU.Build.0 = Debug|Any CPU
		{1EBC787E-18F6-48A0-AA07-44E9C0EF153C}.Release|Any CPU.ActiveCfg = Release|Any CPU
		{1EBC787E-18F6-48A0-AA07-44E9C0EF153C}.Release|Any CPU.Build.0 = Release|Any CPU
	EndGlobalSection
	GlobalSection(SolutionProperties) = preSolution
		HideSolutionNode = FALSE
	EndGlobalSection
	GlobalSection(ExtensibilityGlobals) = postSolution
		SolutionGuid = {68C9C273-1C14-4130-B366-1E6F7CBE28AF}
	EndGlobalSection
EndGlobal
