
Microsoft Visual Studio Solution File, Format Version 12.00
# Visual Studio Version 17
VisualStudioVersion = 17.3.32901.215
MinimumVisualStudioVersion = 10.0.40219.1
Project("{FAE04EC0-301F-11D3-BF4B-00C04F79EFBC}") = "ConsoleColor", "ConsoleColor\ConsoleColor.csproj", "{7BABD4C7-72DF-468E-9BCB-8E0BB20FC2BB}"
EndProject
Global
	GlobalSection(SolutionConfigurationPlatforms) = preSolution
		Debug|Any CPU = Debug|Any CPU
		Release|Any CPU = Release|Any CPU
	EndGlobalSection
	GlobalSection(ProjectConfigurationPlatforms) = postSolution
		{7BABD4C7-72DF-468E-9BCB-8E0BB20FC2BB}.Debug|Any CPU.ActiveCfg = Debug|Any CPU
		{7BABD4C7-72DF-468E-9BCB-8E0BB20FC2BB}.Debug|Any CPU.Build.0 = Debug|Any CPU
		{7BABD4C7-72DF-468E-9BCB-8E0BB20FC2BB}.Release|Any CPU.ActiveCfg = Release|Any CPU
		{7BABD4C7-72DF-468E-9BCB-8E0BB20FC2BB}.Release|Any CPU.Build.0 = Release|Any CPU
	EndGlobalSection
	GlobalSection(SolutionProperties) = preSolution
		HideSolutionNode = FALSE
	EndGlobalSection
	GlobalSection(ExtensibilityGlobals) = postSolution
		SolutionGuid = {B75416B2-26BE-42C5-98B3-A8FA804083B7}
	EndGlobalSection
EndGlobal
