
Microsoft Visual Studio Solution File, Format Version 12.00
# Visual Studio Version 17
VisualStudioVersion = 17.3.32901.215
MinimumVisualStudioVersion = 10.0.40219.1
Project("{FAE04EC0-301F-11D3-BF4B-00C04F79EFBC}") = "ConsoleDrawMaze", "ConsoleDrawMaze\ConsoleDrawMaze.csproj", "{9E126D97-1BED-4A8B-A613-719EEDD438D7}"
EndProject
Global
	GlobalSection(SolutionConfigurationPlatforms) = preSolution
		Debug|Any CPU = Debug|Any CPU
		Release|Any CPU = Release|Any CPU
	EndGlobalSection
	GlobalSection(ProjectConfigurationPlatforms) = postSolution
		{9E126D97-1BED-4A8B-A613-719EEDD438D7}.Debug|Any CPU.ActiveCfg = Debug|Any CPU
		{9E126D97-1BED-4A8B-A613-719EEDD438D7}.Debug|Any CPU.Build.0 = Debug|Any CPU
		{9E126D97-1BED-4A8B-A613-719EEDD438D7}.Release|Any CPU.ActiveCfg = Release|Any CPU
		{9E126D97-1BED-4A8B-A613-719EEDD438D7}.Release|Any CPU.Build.0 = Release|Any CPU
	EndGlobalSection
	GlobalSection(SolutionProperties) = preSolution
		HideSolutionNode = FALSE
	EndGlobalSection
	GlobalSection(ExtensibilityGlobals) = postSolution
		SolutionGuid = {C352E731-B847-4A38-834A-15108B4AE9CF}
	EndGlobalSection
EndGlobal
