
Microsoft Visual Studio Solution File, Format Version 12.00
# Visual Studio Version 17
VisualStudioVersion = 17.3.32901.215
MinimumVisualStudioVersion = 10.0.40219.1
Project("{FAE04EC0-301F-11D3-BF4B-00C04F79EFBC}") = "ConsoleDictionary", "ConsoleDictionary\ConsoleDictionary.csproj", "{D1AB6BA4-9E36-44B8-A0C2-AD959470D3CB}"
EndProject
Global
	GlobalSection(SolutionConfigurationPlatforms) = preSolution
		Debug|Any CPU = Debug|Any CPU
		Release|Any CPU = Release|Any CPU
	EndGlobalSection
	GlobalSection(ProjectConfigurationPlatforms) = postSolution
		{D1AB6BA4-9E36-44B8-A0C2-AD959470D3CB}.Debug|Any CPU.ActiveCfg = Debug|Any CPU
		{D1AB6BA4-9E36-44B8-A0C2-AD959470D3CB}.Debug|Any CPU.Build.0 = Debug|Any CPU
		{D1AB6BA4-9E36-44B8-A0C2-AD959470D3CB}.Release|Any CPU.ActiveCfg = Release|Any CPU
		{D1AB6BA4-9E36-44B8-A0C2-AD959470D3CB}.Release|Any CPU.Build.0 = Release|Any CPU
	EndGlobalSection
	GlobalSection(SolutionProperties) = preSolution
		HideSolutionNode = FALSE
	EndGlobalSection
	GlobalSection(ExtensibilityGlobals) = postSolution
		SolutionGuid = {6142FE26-9091-4D00-B927-8F2444E561ED}
	EndGlobalSection
EndGlobal
