
Microsoft Visual Studio Solution File, Format Version 12.00
# Visual Studio Version 17
VisualStudioVersion = 17.3.32901.215
MinimumVisualStudioVersion = 10.0.40219.1
Project("{FAE04EC0-301F-11D3-BF4B-00C04F79EFBC}") = "ConsoleQueue", "ConsoleQueue\ConsoleQueue.csproj", "{F7A45F8F-E858-4228-AEF1-96D922178EBB}"
EndProject
Global
	GlobalSection(SolutionConfigurationPlatforms) = preSolution
		Debug|Any CPU = Debug|Any CPU
		Release|Any CPU = Release|Any CPU
	EndGlobalSection
	GlobalSection(ProjectConfigurationPlatforms) = postSolution
		{F7A45F8F-E858-4228-AEF1-96D922178EBB}.Debug|Any CPU.ActiveCfg = Debug|Any CPU
		{F7A45F8F-E858-4228-AEF1-96D922178EBB}.Debug|Any CPU.Build.0 = Debug|Any CPU
		{F7A45F8F-E858-4228-AEF1-96D922178EBB}.Release|Any CPU.ActiveCfg = Release|Any CPU
		{F7A45F8F-E858-4228-AEF1-96D922178EBB}.Release|Any CPU.Build.0 = Release|Any CPU
	EndGlobalSection
	GlobalSection(SolutionProperties) = preSolution
		HideSolutionNode = FALSE
	EndGlobalSection
	GlobalSection(ExtensibilityGlobals) = postSolution
		SolutionGuid = {26BAEE1D-7CD3-4C98-92FA-0A392E3ACB9A}
	EndGlobalSection
EndGlobal
