
Microsoft Visual Studio Solution File, Format Version 12.00
# Visual Studio Version 17
VisualStudioVersion = 17.3.32901.215
MinimumVisualStudioVersion = 10.0.40219.1
Project("{FAE04EC0-301F-11D3-BF4B-00C04F79EFBC}") = "WinFormsTrainerAccount", "WinFormsTrainerAccount\WinFormsTrainerAccount.csproj", "{227C0D1B-112C-45D2-A001-64B36E427061}"
EndProject
Global
	GlobalSection(SolutionConfigurationPlatforms) = preSolution
		Debug|Any CPU = Debug|Any CPU
		Release|Any CPU = Release|Any CPU
	EndGlobalSection
	GlobalSection(ProjectConfigurationPlatforms) = postSolution
		{227C0D1B-112C-45D2-A001-64B36E427061}.Debug|Any CPU.ActiveCfg = Debug|Any CPU
		{227C0D1B-112C-45D2-A001-64B36E427061}.Debug|Any CPU.Build.0 = Debug|Any CPU
		{227C0D1B-112C-45D2-A001-64B36E427061}.Release|Any CPU.ActiveCfg = Release|Any CPU
		{227C0D1B-112C-45D2-A001-64B36E427061}.Release|Any CPU.Build.0 = Release|Any CPU
	EndGlobalSection
	GlobalSection(SolutionProperties) = preSolution
		HideSolutionNode = FALSE
	EndGlobalSection
	GlobalSection(ExtensibilityGlobals) = postSolution
		SolutionGuid = {93E2A476-395B-42AF-A87C-BE6B4A73CC5C}
	EndGlobalSection
EndGlobal
