
Microsoft Visual Studio Solution File, Format Version 12.00
# Visual Studio Version 17
VisualStudioVersion = 17.3.32901.215
MinimumVisualStudioVersion = 10.0.40219.1
Project("{FAE04EC0-301F-11D3-BF4B-00C04F79EFBC}") = "WinFormsFilleExplorer", "WinFormsFilleExplorer\WinFormsFilleExplorer.csproj", "{DAC9B217-8BA4-4173-9047-D2312D6D2878}"
EndProject
Global
	GlobalSection(SolutionConfigurationPlatforms) = preSolution
		Debug|Any CPU = Debug|Any CPU
		Release|Any CPU = Release|Any CPU
	EndGlobalSection
	GlobalSection(ProjectConfigurationPlatforms) = postSolution
		{DAC9B217-8BA4-4173-9047-D2312D6D2878}.Debug|Any CPU.ActiveCfg = Debug|Any CPU
		{DAC9B217-8BA4-4173-9047-D2312D6D2878}.Debug|Any CPU.Build.0 = Debug|Any CPU
		{DAC9B217-8BA4-4173-9047-D2312D6D2878}.Release|Any CPU.ActiveCfg = Release|Any CPU
		{DAC9B217-8BA4-4173-9047-D2312D6D2878}.Release|Any CPU.Build.0 = Release|Any CPU
	EndGlobalSection
	GlobalSection(SolutionProperties) = preSolution
		HideSolutionNode = FALSE
	EndGlobalSection
	GlobalSection(ExtensibilityGlobals) = postSolution
		SolutionGuid = {36C41164-3E33-468F-AD55-26737CF95E12}
	EndGlobalSection
EndGlobal
